{
    "name": "phiki",
    "lockfileVersion": 3,
    "requires": true,
    "packages": {
        "": {
            "devDependencies": {
                "tm-grammars": "^1.22.10",
                "tm-themes": "^1.9.8"
            }
        },
        "node_modules/tm-grammars": {
            "version": "1.22.10",
            "resolved": "https://registry.npmjs.org/tm-grammars/-/tm-grammars-1.22.10.tgz",
            "integrity": "sha512-NCCAb30TjezKvh3Aw3faAJ2DlvFCdu7+NAa5yUl5trn8MaD6XX5MfiLCx7Po2Ccu/UgzxximAiaPDBX2dLpo/Q==",
            "dev": true,
            "license": "MIT",
            "funding": {
                "url": "https://github.com/sponsors/antfu"
            }
        },
        "node_modules/tm-themes": {
            "version": "1.9.8",
            "resolved": "https://registry.npmjs.org/tm-themes/-/tm-themes-1.9.8.tgz",
            "integrity": "sha512-XbsuHkBCRBAt/MYXYFDHLfBH70SHa55TwJ50Qsw5UE6w9s12RDNNFyA3wkljkJw/LTG1F672QaO3BOMcIGBfJQ==",
            "dev": true,
            "license": "MIT",
            "funding": {
                "url": "https://github.com/sponsors/antfu"
            }
        }
    }
}
