{
    "name": "phiki",
    "version": "0.0.1",
    "lockfileVersion": 3,
    "requires": true,
    "packages": {
        "": {
            "version": "0.0.1",
            "devDependencies": {
                "change-case": "^5.4.4",
                "tablemark": "^3.1.0",
                "tm-grammars": "^1.22.10",
                "tm-themes": "^1.9.8",
                "vscode-oniguruma": "^2.0.1",
                "vscode-textmate": "^9.2.0"
            }
        },
        "node_modules/change-case": {
            "version": "5.4.4",
            "resolved": "https://registry.npmjs.org/change-case/-/change-case-5.4.4.tgz",
            "integrity": "sha512-HRQyTk2/YPEkt9TnUPbOpr64Uw3KOicFWPVBb+xiHvd6eBx/qPr9xqfBFDT8P2vWsvvz4jbEkfDe71W3VyNu2w==",
            "dev": true,
            "license": "MIT"
        },
        "node_modules/get-stdin": {
            "version": "5.0.1",
            "resolved": "https://registry.npmjs.org/get-stdin/-/get-stdin-5.0.1.tgz",
            "integrity": "sha512-jZV7n6jGE3Gt7fgSTJoz91Ak5MuTLwMwkoYdjxuJ/AmjIsE1UC03y/IWkZCQGEvVNS9qoRNwy5BCqxImv0FVeA==",
            "dev": true,
            "license": "MIT",
            "engines": {
                "node": ">=0.12.0"
            }
        },
        "node_modules/lower-case": {
            "version": "2.0.2",
            "resolved": "https://registry.npmjs.org/lower-case/-/lower-case-2.0.2.tgz",
            "integrity": "sha512-7fm3l3NAF9WfN6W3JOmf5drwpVqX78JtoGJ3A6W0a6ZnldM41w2fV5D490psKFTpMds8TJse/eHLFFsNHHjHgg==",
            "dev": true,
            "license": "MIT",
            "dependencies": {
                "tslib": "^2.0.3"
            }
        },
        "node_modules/minimist": {
            "version": "1.2.8",
            "resolved": "https://registry.npmjs.org/minimist/-/minimist-1.2.8.tgz",
            "integrity": "sha512-2yyAR8qBkN3YuheJanUpWC5U3bb5osDywNB8RzDVlDwDHbocAJveqqj1u8+SVD7jkWT4yvsHCpWqqWqAxb0zCA==",
            "dev": true,
            "license": "MIT",
            "funding": {
                "url": "https://github.com/sponsors/ljharb"
            }
        },
        "node_modules/no-case": {
            "version": "3.0.4",
            "resolved": "https://registry.npmjs.org/no-case/-/no-case-3.0.4.tgz",
            "integrity": "sha512-fgAN3jGAh+RoxUGZHTSOLJIqUc2wmoBwGR4tbpNAKmmovFoWq0OdRkb0VkldReO2a2iBT/OEulG9XSUc10r3zg==",
            "dev": true,
            "license": "MIT",
            "dependencies": {
                "lower-case": "^2.0.2",
                "tslib": "^2.0.3"
            }
        },
        "node_modules/sentence-case": {
            "version": "3.0.4",
            "resolved": "https://registry.npmjs.org/sentence-case/-/sentence-case-3.0.4.tgz",
            "integrity": "sha512-8LS0JInaQMCRoQ7YUytAo/xUu5W2XnQxV2HI/6uM6U7CITS1RqPElr30V6uIqyMKM9lJGRVFy5/4CuzcixNYSg==",
            "dev": true,
            "license": "MIT",
            "dependencies": {
                "no-case": "^3.0.4",
                "tslib": "^2.0.3",
                "upper-case-first": "^2.0.2"
            }
        },
        "node_modules/split-text-to-chunks": {
            "version": "1.0.0",
            "resolved": "https://registry.npmjs.org/split-text-to-chunks/-/split-text-to-chunks-1.0.0.tgz",
            "integrity": "sha512-HLtEwXK/T4l7QZSJ/kOSsZC0o5e2Xg3GzKKFxm0ZexJXw0Bo4CaEl39l7MCSRHk9EOOL5jT8JIDjmhTtcoe6lQ==",
            "dev": true,
            "license": "MIT",
            "dependencies": {
                "get-stdin": "^5.0.1",
                "minimist": "^1.2.0"
            },
            "bin": {
                "wordwrap": "cli.js"
            }
        },
        "node_modules/tablemark": {
            "version": "3.1.0",
            "resolved": "https://registry.npmjs.org/tablemark/-/tablemark-3.1.0.tgz",
            "integrity": "sha512-IwO6f0SEzp1Z+zqz/7ANUmeEac4gaNlknWyj/S9aSg11wZmWYnLeyI/xXvEOU88BYUIf8y30y0wxB58xIKrVlQ==",
            "dev": true,
            "license": "MIT",
            "dependencies": {
                "sentence-case": "^3.0.4",
                "split-text-to-chunks": "^1.0.0"
            },
            "engines": {
                "node": ">=14.16"
            }
        },
        "node_modules/tm-grammars": {
            "version": "1.25.3",
            "resolved": "https://registry.npmjs.org/tm-grammars/-/tm-grammars-1.25.3.tgz",
            "integrity": "sha512-3o/WgiU7JfzK04KnzilL7m4FUMttlR/+dN0oYtta2J7DWdO/dwFNg/RkcqcpArYkNXKzCRe/74FP/fG5sT3m5w==",
            "dev": true,
            "license": "MIT",
            "funding": {
                "url": "https://github.com/sponsors/antfu"
            }
        },
        "node_modules/tm-themes": {
            "version": "1.10.12",
            "resolved": "https://registry.npmjs.org/tm-themes/-/tm-themes-1.10.12.tgz",
            "integrity": "sha512-SXAgP6PhFy66shJ5SBY+K9/MMZH+PXEyGRbMQBMVPXDzXfKTUYeNiJ+hN2FS5hpOOY8u156+pGcoKmZ5oOf+Zw==",
            "dev": true,
            "license": "MIT",
            "funding": {
                "url": "https://github.com/sponsors/antfu"
            }
        },
        "node_modules/tslib": {
            "version": "2.8.1",
            "resolved": "https://registry.npmjs.org/tslib/-/tslib-2.8.1.tgz",
            "integrity": "sha512-oJFu94HQb+KVduSUQL7wnpmqnfmLsOA/nAh6b6EH0wCEoK0/mPeXU6c3wKDV83MkOuHPRHtSXKKU99IBazS/2w==",
            "dev": true,
            "license": "0BSD"
        },
        "node_modules/upper-case-first": {
            "version": "2.0.2",
            "resolved": "https://registry.npmjs.org/upper-case-first/-/upper-case-first-2.0.2.tgz",
            "integrity": "sha512-514ppYHBaKwfJRK/pNC6c/OxfGa0obSnAl106u97Ed0I625Nin96KAjttZF6ZL3e1XLtphxnqrOi9iWgm+u+bg==",
            "dev": true,
            "license": "MIT",
            "dependencies": {
                "tslib": "^2.0.3"
            }
        },
        "node_modules/vscode-oniguruma": {
            "version": "2.0.1",
            "resolved": "https://registry.npmjs.org/vscode-oniguruma/-/vscode-oniguruma-2.0.1.tgz",
            "integrity": "sha512-poJU8iHIWnC3vgphJnrLZyI3YdqRlR27xzqDmpPXYzA93R4Gk8z7T6oqDzDoHjoikA2aS82crdXFkjELCdJsjQ==",
            "dev": true,
            "license": "MIT"
        },
        "node_modules/vscode-textmate": {
            "version": "9.2.1",
            "resolved": "https://registry.npmjs.org/vscode-textmate/-/vscode-textmate-9.2.1.tgz",
            "integrity": "sha512-eXiUi2yYFv9bdvgrYtJynA7UemCEkpVNE50S9iBBA08LYG5t9+/TB+8IRS/YoYOubCez2OkSyZ1Q12eQMwzbrw==",
            "dev": true,
            "license": "MIT"
        }
    }
}
